
Microsoft Visual Studio Solution File, Format Version 12.00
# Visual Studio 15
VisualStudioVersion = 15.0.28307.271
MinimumVisualStudioVersion = 10.0.40219.1
Project("{FAE04EC0-301F-11D3-BF4B-00C04F79EFBC}") = "Producta.Secret", "Producta.Secret\Producta.Secret.csproj", "{F676A406-7F3F-4BF6-98E2-7240368A9373}"
EndProject
Project("{FAE04EC0-301F-11D3-BF4B-00C04F79EFBC}") = "Producta.Secret.Test", "Producta.Secret.Test\Producta.Secret.Test.csproj", "{A5446FD3-01CA-4E28-BC7C-9E259AB8BA13}"
	ProjectSection(ProjectDependencies) = postProject
		{F676A406-7F3F-4BF6-98E2-7240368A9373} = {F676A406-7F3F-4BF6-98E2-7240368A9373}
	EndProjectSection
EndProject
Global
	GlobalSection(SolutionConfigurationPlatforms) = preSolution
		Debug|Any CPU = Debug|Any CPU
		Release|Any CPU = Release|Any CPU
	EndGlobalSection
	GlobalSection(ProjectConfigurationPlatforms) = postSolution
		{F676A406-7F3F-4BF6-98E2-7240368A9373}.Debug|Any CPU.ActiveCfg = Debug|Any CPU
		{F676A406-7F3F-4BF6-98E2-7240368A9373}.Debug|Any CPU.Build.0 = Debug|Any CPU
		{F676A406-7F3F-4BF6-98E2-7240368A9373}.Release|Any CPU.ActiveCfg = Release|Any CPU
		{F676A406-7F3F-4BF6-98E2-7240368A9373}.Release|Any CPU.Build.0 = Release|Any CPU
		{A5446FD3-01CA-4E28-BC7C-9E259AB8BA13}.Debug|Any CPU.ActiveCfg = Debug|Any CPU
		{A5446FD3-01CA-4E28-BC7C-9E259AB8BA13}.Debug|Any CPU.Build.0 = Debug|Any CPU
		{A5446FD3-01CA-4E28-BC7C-9E259AB8BA13}.Release|Any CPU.ActiveCfg = Release|Any CPU
		{A5446FD3-01CA-4E28-BC7C-9E259AB8BA13}.Release|Any CPU.Build.0 = Release|Any CPU
	EndGlobalSection
	GlobalSection(SolutionProperties) = preSolution
		HideSolutionNode = FALSE
	EndGlobalSection
	GlobalSection(ExtensibilityGlobals) = postSolution
		SolutionGuid = {3FD077EF-F19A-4E24-900A-4A1780E6CB21}
	EndGlobalSection
EndGlobal
